// !$*UTF8*$!
{
	archiveVersion = 1;
	classes = {
	};
	objectVersion = 46;
	objects = {

/* Begin PBXBuildFile section */
		78D770711B0D150600555A0A /* AppDelegate.swift in Sources */ = {isa = PBXBuildFile; fileRef = 78D770701B0D150600555A0A /* AppDelegate.swift */; };
		78D770731B0D150600555A0A /* ViewController.swift in Sources */ = {isa = PBXBuildFile; fileRef = 78D770721B0D150600555A0A /* ViewController.swift */; };
		78D770761B0D150600555A0A /* Main.storyboard in Resources */ = {isa = PBXBuildFile; fileRef = 78D770741B0D150600555A0A /* Main.storyboard */; };
		78D770781B0D150600555A0A /* Images.xcassets in Resources */ = {isa = PBXBuildFile; fileRef = 78D770771B0D150600555A0A /* Images.xcassets */; };
		78D7707B1B0D150700555A0A /* LaunchScreen.xib in Resources */ = {isa = PBXBuildFile; fileRef = 78D770791B0D150600555A0A /* LaunchScreen.xib */; };
		78D770871B0D150700555A0A /* socialQTests.swift in Sources */ = {isa = PBXBuildFile; fileRef = 78D770861B0D150700555A0A /* socialQTests.swift */; };
		78D770931B0D1A1C00555A0A /* logo@2x.png in Resources */ = {isa = PBXBuildFile; fileRef = 78D770911B0D1A1C00555A0A /* logo@2x.png */; };
		78D770941B0D1A1C00555A0A /* menu@2x.png in Resources */ = {isa = PBXBuildFile; fileRef = 78D770921B0D1A1C00555A0A /* menu@2x.png */; };
		78D770961B0D1BEB00555A0A /* user@2x.png in Resources */ = {isa = PBXBuildFile; fileRef = 78D770951B0D1BEB00555A0A /* user@2x.png */; };
		78D7709B1B0D20CB00555A0A /* TableContentCell.swift in Sources */ = {isa = PBXBuildFile; fileRef = 78D770991B0D20CB00555A0A /* TableContentCell.swift */; };
		78D7709C1B0D20CB00555A0A /* TableContentCell.xib in Resources */ = {isa = PBXBuildFile; fileRef = 78D7709A1B0D20CB00555A0A /* TableContentCell.xib */; };
		78D7709E1B0D224D00555A0A /* TableViewController.swift in Sources */ = {isa = PBXBuildFile; fileRef = 78D7709D1B0D224D00555A0A /* TableViewController.swift */; };
		78D770A11B0D246600555A0A /* down@2x.png in Resources */ = {isa = PBXBuildFile; fileRef = 78D7709F1B0D246600555A0A /* down@2x.png */; };
		78D770A21B0D246600555A0A /* up@2x.png in Resources */ = {isa = PBXBuildFile; fileRef = 78D770A01B0D246600555A0A /* up@2x.png */; };
/* End PBXBuildFile section */

/* Begin PBXContainerItemProxy section */
		78D770811B0D150700555A0A /* PBXContainerItemProxy */ = {
			isa = PBXContainerItemProxy;
			containerPortal = 78D770631B0D150600555A0A /* Project object */;
			proxyType = 1;
			remoteGlobalIDString = 78D7706A1B0D150600555A0A;
			remoteInfo = socialQ;
		};
/* End PBXContainerItemProxy section */

/* Begin PBXFileReference section */
		78D7706B1B0D150600555A0A /* socialQ.app */ = {isa = PBXFileReference; explicitFileType = wrapper.application; includeInIndex = 0; path = socialQ.app; sourceTree = BUILT_PRODUCTS_DIR; };
		78D7706F1B0D150600555A0A /* Info.plist */ = {isa = PBXFileReference; lastKnownFileType = text.plist.xml; path = Info.plist; sourceTree = "<group>"; };
		78D770701B0D150600555A0A /* AppDelegate.swift */ = {isa = PBXFileReference; lastKnownFileType = sourcecode.swift; path = AppDelegate.swift; sourceTree = "<group>"; };
		78D770721B0D150600555A0A /* ViewController.swift */ = {isa = PBXFileReference; lastKnownFileType = sourcecode.swift; path = ViewController.swift; sourceTree = "<group>"; };
		78D770751B0D150600555A0A /* Base */ = {isa = PBXFileReference; lastKnownFileType = file.storyboard; name = Base; path = Base.lproj/Main.storyboard; sourceTree = "<group>"; };
		78D770771B0D150600555A0A /* Images.xcassets */ = {isa = PBXFileReference; lastKnownFileType = folder.assetcatalog; path = Images.xcassets; sourceTree = "<group>"; };
		78D7707A1B0D150700555A0A /* Base */ = {isa = PBXFileReference; lastKnownFileType = file.xib; name = Base; path = Base.lproj/LaunchScreen.xib; sourceTree = "<group>"; };
		78D770801B0D150700555A0A /* socialQTests.xctest */ = {isa = PBXFileReference; explicitFileType = wrapper.cfbundle; includeInIndex = 0; path = socialQTests.xctest; sourceTree = BUILT_PRODUCTS_DIR; };
		78D770851B0D150700555A0A /* Info.plist */ = {isa = PBXFileReference; lastKnownFileType = text.plist.xml; path = Info.plist; sourceTree = "<group>"; };
		78D770861B0D150700555A0A /* socialQTests.swift */ = {isa = PBXFileReference; lastKnownFileType = sourcecode.swift; path = socialQTests.swift; sourceTree = "<group>"; };
		78D770911B0D1A1C00555A0A /* logo@2x.png */ = {isa = PBXFileReference; lastKnownFileType = image.png; path = "logo@2x.png"; sourceTree = "<group>"; };
		78D770921B0D1A1C00555A0A /* menu@2x.png */ = {isa = PBXFileReference; lastKnownFileType = image.png; path = "menu@2x.png"; sourceTree = "<group>"; };
		78D770951B0D1BEB00555A0A /* user@2x.png */ = {isa = PBXFileReference; lastKnownFileType = image.png; path = "user@2x.png"; sourceTree = "<group>"; };
		78D770991B0D20CB00555A0A /* TableContentCell.swift */ = {isa = PBXFileReference; fileEncoding = 4; lastKnownFileType = sourcecode.swift; path = TableContentCell.swift; sourceTree = "<group>"; };
		78D7709A1B0D20CB00555A0A /* TableContentCell.xib */ = {isa = PBXFileReference; fileEncoding = 4; lastKnownFileType = file.xib; path = TableContentCell.xib; sourceTree = "<group>"; };
		78D7709D1B0D224D00555A0A /* TableViewController.swift */ = {isa = PBXFileReference; fileEncoding = 4; lastKnownFileType = sourcecode.swift; path = TableViewController.swift; sourceTree = "<group>"; };
		78D7709F1B0D246600555A0A /* down@2x.png */ = {isa = PBXFileReference; lastKnownFileType = image.png; path = "down@2x.png"; sourceTree = "<group>"; };
		78D770A01B0D246600555A0A /* up@2x.png */ = {isa = PBXFileReference; lastKnownFileType = image.png; path = "up@2x.png"; sourceTree = "<group>"; };
/* End PBXFileReference section */

/* Begin PBXFrameworksBuildPhase section */
		78D770681B0D150600555A0A /* Frameworks */ = {
			isa = PBXFrameworksBuildPhase;
			buildActionMask = 2147483647;
			files = (
			);
			runOnlyForDeploymentPostprocessing = 0;
		};
		78D7707D1B0D150700555A0A /* Frameworks */ = {
			isa = PBXFrameworksBuildPhase;
			buildActionMask = 2147483647;
			files = (
			);
			runOnlyForDeploymentPostprocessing = 0;
		};
/* End PBXFrameworksBuildPhase section */

/* Begin PBXGroup section */
		78D770621B0D150600555A0A = {
			isa = PBXGroup;
			children = (
				78D7706D1B0D150600555A0A /* socialQ */,
				78D770831B0D150700555A0A /* socialQTests */,
				78D7706C1B0D150600555A0A /* Products */,
			);
			sourceTree = "<group>";
		};
		78D7706C1B0D150600555A0A /* Products */ = {
			isa = PBXGroup;
			children = (
				78D7706B1B0D150600555A0A /* socialQ.app */,
				78D770801B0D150700555A0A /* socialQTests.xctest */,
			);
			name = Products;
			sourceTree = "<group>";
		};
		78D7706D1B0D150600555A0A /* socialQ */ = {
			isa = PBXGroup;
			children = (
				78D770701B0D150600555A0A /* AppDelegate.swift */,
				78D770721B0D150600555A0A /* ViewController.swift */,
				78D7709D1B0D224D00555A0A /* TableViewController.swift */,
				78D770991B0D20CB00555A0A /* TableContentCell.swift */,
				78D7709A1B0D20CB00555A0A /* TableContentCell.xib */,
				78D770741B0D150600555A0A /* Main.storyboard */,
				78D770901B0D1A1C00555A0A /* image */,
				78D770771B0D150600555A0A /* Images.xcassets */,
				78D770791B0D150600555A0A /* LaunchScreen.xib */,
				78D7706E1B0D150600555A0A /* Supporting Files */,
			);
			path = socialQ;
			sourceTree = "<group>";
		};
		78D7706E1B0D150600555A0A /* Supporting Files */ = {
			isa = PBXGroup;
			children = (
				78D7706F1B0D150600555A0A /* Info.plist */,
			);
			name = "Supporting Files";
			sourceTree = "<group>";
		};
		78D770831B0D150700555A0A /* socialQTests */ = {
			isa = PBXGroup;
			children = (
				78D770861B0D150700555A0A /* socialQTests.swift */,
				78D770841B0D150700555A0A /* Supporting Files */,
			);
			path = socialQTests;
			sourceTree = "<group>";
		};
		78D770841B0D150700555A0A /* Supporting Files */ = {
			isa = PBXGroup;
			children = (
				78D770851B0D150700555A0A /* Info.plist */,
			);
			name = "Supporting Files";
			sourceTree = "<group>";
		};
		78D770901B0D1A1C00555A0A /* image */ = {
			isa = PBXGroup;
			children = (
				78D7709F1B0D246600555A0A /* down@2x.png */,
				78D770A01B0D246600555A0A /* up@2x.png */,
				78D770911B0D1A1C00555A0A /* logo@2x.png */,
				78D770921B0D1A1C00555A0A /* menu@2x.png */,
				78D770951B0D1BEB00555A0A /* user@2x.png */,
			);
			path = image;
			sourceTree = "<group>";
		};
/* End PBXGroup section */

/* Begin PBXNativeTarget section */
		78D7706A1B0D150600555A0A /* socialQ */ = {
			isa = PBXNativeTarget;
			buildConfigurationList = 78D7708A1B0D150700555A0A /* Build configuration list for PBXNativeTarget "socialQ" */;
			buildPhases = (
				78D770671B0D150600555A0A /* Sources */,
				78D770681B0D150600555A0A /* Frameworks */,
				78D770691B0D150600555A0A /* Resources */,
			);
			buildRules = (
			);
			dependencies = (
			);
			name = socialQ;
			productName = socialQ;
			productReference = 78D7706B1B0D150600555A0A /* socialQ.app */;
			productType = "com.apple.product-type.application";
		};
		78D7707F1B0D150700555A0A /* socialQTests */ = {
			isa = PBXNativeTarget;
			buildConfigurationList = 78D7708D1B0D150700555A0A /* Build configuration list for PBXNativeTarget "socialQTests" */;
			buildPhases = (
				78D7707C1B0D150700555A0A /* Sources */,
				78D7707D1B0D150700555A0A /* Frameworks */,
				78D7707E1B0D150700555A0A /* Resources */,
			);
			buildRules = (
			);
			dependencies = (
				78D770821B0D150700555A0A /* PBXTargetDependency */,
			);
			name = socialQTests;
			productName = socialQTests;
			productReference = 78D770801B0D150700555A0A /* socialQTests.xctest */;
			productType = "com.apple.product-type.bundle.unit-test";
		};
/* End PBXNativeTarget section */

/* Begin PBXProject section */
		78D770631B0D150600555A0A /* Project object */ = {
			isa = PBXProject;
			attributes = {
				LastUpgradeCheck = 0630;
				ORGANIZATIONNAME = JakeS;
				TargetAttributes = {
					78D7706A1B0D150600555A0A = {
						CreatedOnToolsVersion = 6.3.2;
					};
					78D7707F1B0D150700555A0A = {
						CreatedOnToolsVersion = 6.3.2;
						TestTargetID = 78D7706A1B0D150600555A0A;
					};
				};
			};
			buildConfigurationList = 78D770661B0D150600555A0A /* Build configuration list for PBXProject "socialQ" */;
			compatibilityVersion = "Xcode 3.2";
			developmentRegion = English;
			hasScannedForEncodings = 0;
			knownRegions = (
				en,
				Base,
			);
			mainGroup = 78D770621B0D150600555A0A;
			productRefGroup = 78D7706C1B0D150600555A0A /* Products */;
			projectDirPath = "";
			projectRoot = "";
			targets = (
				78D7706A1B0D150600555A0A /* socialQ */,
				78D7707F1B0D150700555A0A /* socialQTests */,
			);
		};
/* End PBXProject section */

/* Begin PBXResourcesBuildPhase section */
		78D770691B0D150600555A0A /* Resources */ = {
			isa = PBXResourcesBuildPhase;
			buildActionMask = 2147483647;
			files = (
				78D770A11B0D246600555A0A /* down@2x.png in Resources */,
				78D770761B0D150600555A0A /* Main.storyboard in Resources */,
				78D770931B0D1A1C00555A0A /* logo@2x.png in Resources */,
				78D770941B0D1A1C00555A0A /* menu@2x.png in Resources */,
				78D770961B0D1BEB00555A0A /* user@2x.png in Resources */,
				78D7707B1B0D150700555A0A /* LaunchScreen.xib in Resources */,
				78D770A21B0D246600555A0A /* up@2x.png in Resources */,
				78D7709C1B0D20CB00555A0A /* TableContentCell.xib in Resources */,
				78D770781B0D150600555A0A /* Images.xcassets in Resources */,
			);
			runOnlyForDeploymentPostprocessing = 0;
		};
		78D7707E1B0D150700555A0A /* Resources */ = {
			isa = PBXResourcesBuildPhase;
			buildActionMask = 2147483647;
			files = (
			);
			runOnlyForDeploymentPostprocessing = 0;
		};
/* End PBXResourcesBuildPhase section */

/* Begin PBXSourcesBuildPhase section */
		78D770671B0D150600555A0A /* Sources */ = {
			isa = PBXSourcesBuildPhase;
			buildActionMask = 2147483647;
			files = (
				78D770731B0D150600555A0A /* ViewController.swift in Sources */,
				78D7709B1B0D20CB00555A0A /* TableContentCell.swift in Sources */,
				78D770711B0D150600555A0A /* AppDelegate.swift in Sources */,
				78D7709E1B0D224D00555A0A /* TableViewController.swift in Sources */,
			);
			runOnlyForDeploymentPostprocessing = 0;
		};
		78D7707C1B0D150700555A0A /* Sources */ = {
			isa = PBXSourcesBuildPhase;
			buildActionMask = 2147483647;
			files = (
				78D770871B0D150700555A0A /* socialQTests.swift in Sources */,
			);
			runOnlyForDeploymentPostprocessing = 0;
		};
/* End PBXSourcesBuildPhase section */

/* Begin PBXTargetDependency section */
		78D770821B0D150700555A0A /* PBXTargetDependency */ = {
			isa = PBXTargetDependency;
			target = 78D7706A1B0D150600555A0A /* socialQ */;
			targetProxy = 78D770811B0D150700555A0A /* PBXContainerItemProxy */;
		};
/* End PBXTargetDependency section */

/* Begin PBXVariantGroup section */
		78D770741B0D150600555A0A /* Main.storyboard */ = {
			isa = PBXVariantGroup;
			children = (
				78D770751B0D150600555A0A /* Base */,
			);
			name = Main.storyboard;
			sourceTree = "<group>";
		};
		78D770791B0D150600555A0A /* LaunchScreen.xib */ = {
			isa = PBXVariantGroup;
			children = (
				78D7707A1B0D150700555A0A /* Base */,
			);
			name = LaunchScreen.xib;
			sourceTree = "<group>";
		};
/* End PBXVariantGroup section */

/* Begin XCBuildConfiguration section */
		78D770881B0D150700555A0A /* Debug */ = {
			isa = XCBuildConfiguration;
			buildSettings = {
				ALWAYS_SEARCH_USER_PATHS = NO;
				CLANG_CXX_LANGUAGE_STANDARD = "gnu++0x";
				CLANG_CXX_LIBRARY = "libc++";
				CLANG_ENABLE_MODULES = YES;
				CLANG_ENABLE_OBJC_ARC = YES;
				CLANG_WARN_BOOL_CONVERSION = YES;
				CLANG_WARN_CONSTANT_CONVERSION = YES;
				CLANG_WARN_DIRECT_OBJC_ISA_USAGE = YES_ERROR;
				CLANG_WARN_EMPTY_BODY = YES;
				CLANG_WARN_ENUM_CONVERSION = YES;
				CLANG_WARN_INT_CONVERSION = YES;
				CLANG_WARN_OBJC_ROOT_CLASS = YES_ERROR;
				CLANG_WARN_UNREACHABLE_CODE = YES;
				CLANG_WARN__DUPLICATE_METHOD_MATCH = YES;
				"CODE_SIGN_IDENTITY[sdk=iphoneos*]" = "iPhone Developer";
				COPY_PHASE_STRIP = NO;
				DEBUG_INFORMATION_FORMAT = "dwarf-with-dsym";
				ENABLE_STRICT_OBJC_MSGSEND = YES;
				GCC_C_LANGUAGE_STANDARD = gnu99;
				GCC_DYNAMIC_NO_PIC = NO;
				GCC_NO_COMMON_BLOCKS = YES;
				GCC_OPTIMIZATION_LEVEL = 0;
				GCC_PREPROCESSOR_DEFINITIONS = (
					"DEBUG=1",
					"$(inherited)",
				);
				GCC_SYMBOLS_PRIVATE_EXTERN = NO;
				GCC_WARN_64_TO_32_BIT_CONVERSION = YES;
				GCC_WARN_ABOUT_RETURN_TYPE = YES_ERROR;
				GCC_WARN_UNDECLARED_SELECTOR = YES;
				GCC_WARN_UNINITIALIZED_AUTOS = YES_AGGRESSIVE;
				GCC_WARN_UNUSED_FUNCTION = YES;
				GCC_WARN_UNUSED_VARIABLE = YES;
				IPHONEOS_DEPLOYMENT_TARGET = 8.3;
				MTL_ENABLE_DEBUG_INFO = YES;
				ONLY_ACTIVE_ARCH = YES;
				SDKROOT = iphoneos;
				SWIFT_OPTIMIZATION_LEVEL = "-Onone";
			};
			name = Debug;
		};
		78D770891B0D150700555A0A /* Release */ = {
			isa = XCBuildConfiguration;
			buildSettings = {
				ALWAYS_SEARCH_USER_PATHS = NO;
				CLANG_CXX_LANGUAGE_STANDARD = "gnu++0x";
				CLANG_CXX_LIBRARY = "libc++";
				CLANG_ENABLE_MODULES = YES;
				CLANG_ENABLE_OBJC_ARC = YES;
				CLANG_WARN_BOOL_CONVERSION = YES;
				CLANG_WARN_CONSTANT_CONVERSION = YES;
				CLANG_WARN_DIRECT_OBJC_ISA_USAGE = YES_ERROR;
				CLANG_WARN_EMPTY_BODY = YES;
				CLANG_WARN_ENUM_CONVERSION = YES;
				CLANG_WARN_INT_CONVERSION = YES;
				CLANG_WARN_OBJC_ROOT_CLASS = YES_ERROR;
				CLANG_WARN_UNREACHABLE_CODE = YES;
				CLANG_WARN__DUPLICATE_METHOD_MATCH = YES;
				"CODE_SIGN_IDENTITY[sdk=iphoneos*]" = "iPhone Developer";
				COPY_PHASE_STRIP = NO;
				DEBUG_INFORMATION_FORMAT = "dwarf-with-dsym";
				ENABLE_NS_ASSERTIONS = NO;
				ENABLE_STRICT_OBJC_MSGSEND = YES;
				GCC_C_LANGUAGE_STANDARD = gnu99;
				GCC_NO_COMMON_BLOCKS = YES;
				GCC_WARN_64_TO_32_BIT_CONVERSION = YES;
				GCC_WARN_ABOUT_RETURN_TYPE = YES_ERROR;
				GCC_WARN_UNDECLARED_SELECTOR = YES;
				GCC_WARN_UNINITIALIZED_AUTOS = YES_AGGRESSIVE;
				GCC_WARN_UNUSED_FUNCTION = YES;
				GCC_WARN_UNUSED_VARIABLE = YES;
				IPHONEOS_DEPLOYMENT_TARGET = 8.3;
				MTL_ENABLE_DEBUG_INFO = NO;
				SDKROOT = iphoneos;
				VALIDATE_PRODUCT = YES;
			};
			name = Release;
		};
		78D7708B1B0D150700555A0A /* Debug */ = {
			isa = XCBuildConfiguration;
			buildSettings = {
				ASSETCATALOG_COMPILER_APPICON_NAME = AppIcon;
				INFOPLIST_FILE = socialQ/Info.plist;
				LD_RUNPATH_SEARCH_PATHS = "$(inherited) @executable_path/Frameworks";
				PRODUCT_NAME = "$(TARGET_NAME)";
			};
			name = Debug;
		};
		78D7708C1B0D150700555A0A /* Release */ = {
			isa = XCBuildConfiguration;
			buildSettings = {
				ASSETCATALOG_COMPILER_APPICON_NAME = AppIcon;
				INFOPLIST_FILE = socialQ/Info.plist;
				LD_RUNPATH_SEARCH_PATHS = "$(inherited) @executable_path/Frameworks";
				PRODUCT_NAME = "$(TARGET_NAME)";
			};
			name = Release;
		};
		78D7708E1B0D150700555A0A /* Debug */ = {
			isa = XCBuildConfiguration;
			buildSettings = {
				BUNDLE_LOADER = "$(TEST_HOST)";
				FRAMEWORK_SEARCH_PATHS = (
					"$(SDKROOT)/Developer/Library/Frameworks",
					"$(inherited)",
				);
				GCC_PREPROCESSOR_DEFINITIONS = (
					"DEBUG=1",
					"$(inherited)",
				);
				INFOPLIST_FILE = socialQTests/Info.plist;
				LD_RUNPATH_SEARCH_PATHS = "$(inherited) @executable_path/Frameworks @loader_path/Frameworks";
				PRODUCT_NAME = "$(TARGET_NAME)";
				TEST_HOST = "$(BUILT_PRODUCTS_DIR)/socialQ.app/socialQ";
			};
			name = Debug;
		};
		78D7708F1B0D150700555A0A /* Release */ = {
			isa = XCBuildConfiguration;
			buildSettings = {
				BUNDLE_LOADER = "$(TEST_HOST)";
				FRAMEWORK_SEARCH_PATHS = (
					"$(SDKROOT)/Developer/Library/Frameworks",
					"$(inherited)",
				);
				INFOPLIST_FILE = socialQTests/Info.plist;
				LD_RUNPATH_SEARCH_PATHS = "$(inherited) @executable_path/Frameworks @loader_path/Frameworks";
				PRODUCT_NAME = "$(TARGET_NAME)";
				TEST_HOST = "$(BUILT_PRODUCTS_DIR)/socialQ.app/socialQ";
			};
			name = Release;
		};
/* End XCBuildConfiguration section */

/* Begin XCConfigurationList section */
		78D770661B0D150600555A0A /* Build configuration list for PBXProject "socialQ" */ = {
			isa = XCConfigurationList;
			buildConfigurations = (
				78D770881B0D150700555A0A /* Debug */,
				78D770891B0D150700555A0A /* Release */,
			);
			defaultConfigurationIsVisible = 0;
			defaultConfigurationName = Release;
		};
		78D7708A1B0D150700555A0A /* Build configuration list for PBXNativeTarget "socialQ" */ = {
			isa = XCConfigurationList;
			buildConfigurations = (
				78D7708B1B0D150700555A0A /* Debug */,
				78D7708C1B0D150700555A0A /* Release */,
			);
			defaultConfigurationIsVisible = 0;
		};
		78D7708D1B0D150700555A0A /* Build configuration list for PBXNativeTarget "socialQTests" */ = {
			isa = XCConfigurationList;
			buildConfigurations = (
				78D7708E1B0D150700555A0A /* Debug */,
				78D7708F1B0D150700555A0A /* Release */,
			);
			defaultConfigurationIsVisible = 0;
		};
/* End XCConfigurationList section */
	};
	rootObject = 78D770631B0D150600555A0A /* Project object */;
}
